// !$*UTF8*$!
{
	archiveVersion = 1;
	classes = {
	};
	objectVersion = 56;
	objects = {

/* Begin PBXBuildFile section */
		181BC0F82A8CF75D001253ED /* LoginViewModel.swift in Sources */ = {isa = PBXBuildFile; fileRef = 181BC0F72A8CF75D001253ED /* LoginViewModel.swift */; };
		181BC0FB2A8D036F001253ED /* InputError.swift in Sources */ = {isa = PBXBuildFile; fileRef = 181BC0FA2A8D036F001253ED /* InputError.swift */; };
		183B5F3C2A8CBF04000537B7 /* LoginView.swift in Sources */ = {isa = PBXBuildFile; fileRef = 183B5F3B2A8CBF04000537B7 /* LoginView.swift */; };
		183B5F3E2A8CBF4E000537B7 /* SignUpView.swift in Sources */ = {isa = PBXBuildFile; fileRef = 183B5F3D2A8CBF4E000537B7 /* SignUpView.swift */; };
		183B5F402A8CC4D0000537B7 /* GoogleService-Info.plist in Resources */ = {isa = PBXBuildFile; fileRef = 183B5F3F2A8CC4D0000537B7 /* GoogleService-Info.plist */; };
		183B5F432A8CC609000537B7 /* FirebaseAuth in Frameworks */ = {isa = PBXBuildFile; productRef = 183B5F422A8CC609000537B7 /* FirebaseAuth */; };
		183B5F452A8CC609000537B7 /* FirebaseDatabase in Frameworks */ = {isa = PBXBuildFile; productRef = 183B5F442A8CC609000537B7 /* FirebaseDatabase */; };
		183B5F482A8CC66B000537B7 /* FirebaseAnalytics in Frameworks */ = {isa = PBXBuildFile; productRef = 183B5F472A8CC66B000537B7 /* FirebaseAnalytics */; };
		185C537B2A8CE8A9005A1F70 /* SettingsView.swift in Sources */ = {isa = PBXBuildFile; fileRef = 185C537A2A8CE8A9005A1F70 /* SettingsView.swift */; };
		1893DCFE2A8CBA4F001F7EBC /* RouletteRoyaleApp.swift in Sources */ = {isa = PBXBuildFile; fileRef = 1893DCFD2A8CBA4F001F7EBC /* RouletteRoyaleApp.swift */; };
		1893DD022A8CBA53001F7EBC /* Assets.xcassets in Resources */ = {isa = PBXBuildFile; fileRef = 1893DD012A8CBA53001F7EBC /* Assets.xcassets */; };
		1893DD052A8CBA53001F7EBC /* Preview Assets.xcassets in Resources */ = {isa = PBXBuildFile; fileRef = 1893DD042A8CBA53001F7EBC /* Preview Assets.xcassets */; };
		1893DD0C2A8CBA71001F7EBC /* .gitignore in Resources */ = {isa = PBXBuildFile; fileRef = 1893DD0B2A8CBA71001F7EBC /* .gitignore */; };
		18BFCD3A2A8CC91900559CA3 /* FirebaseService.swift in Sources */ = {isa = PBXBuildFile; fileRef = 18BFCD392A8CC91900559CA3 /* FirebaseService.swift */; };
		18BFCD3F2A8CD72500559CA3 /* TabBarView.swift in Sources */ = {isa = PBXBuildFile; fileRef = 18BFCD3E2A8CD72500559CA3 /* TabBarView.swift */; };
		18BFCD432A8CD91A00559CA3 /* AuthenticationControlView.swift in Sources */ = {isa = PBXBuildFile; fileRef = 18BFCD422A8CD91A00559CA3 /* AuthenticationControlView.swift */; };
		18BFCD452A8CD94C00559CA3 /* ContentView.swift in Sources */ = {isa = PBXBuildFile; fileRef = 18BFCD442A8CD94C00559CA3 /* ContentView.swift */; };
		18C222182A8D1EA50030BC6F /* AnonymousRegistrationViewModel.swift in Sources */ = {isa = PBXBuildFile; fileRef = 18C222172A8D1EA50030BC6F /* AnonymousRegistrationViewModel.swift */; };
		18FF6CDD2A8D070200FEE72C /* SignUpViewModel.swift in Sources */ = {isa = PBXBuildFile; fileRef = 18FF6CDC2A8D070200FEE72C /* SignUpViewModel.swift */; };
		18FF6CE22A8D10F300FEE72C /* CustomButton.swift in Sources */ = {isa = PBXBuildFile; fileRef = 18FF6CE12A8D10F300FEE72C /* CustomButton.swift */; };
		18FF6CE72A8D152800FEE72C /* SettingsViewModel.swift in Sources */ = {isa = PBXBuildFile; fileRef = 18FF6CE62A8D152800FEE72C /* SettingsViewModel.swift */; };
		18FF6CE92A8D18EA00FEE72C /* AnonymousRegistrationView.swift in Sources */ = {isa = PBXBuildFile; fileRef = 18FF6CE82A8D18EA00FEE72C /* AnonymousRegistrationView.swift */; };
/* End PBXBuildFile section */

/* Begin PBXFileReference section */
		181BC0F72A8CF75D001253ED /* LoginViewModel.swift */ = {isa = PBXFileReference; lastKnownFileType = sourcecode.swift; path = LoginViewModel.swift; sourceTree = "<group>"; };
		181BC0FA2A8D036F001253ED /* InputError.swift */ = {isa = PBXFileReference; lastKnownFileType = sourcecode.swift; path = InputError.swift; sourceTree = "<group>"; };
		183B5F3B2A8CBF04000537B7 /* LoginView.swift */ = {isa = PBXFileReference; lastKnownFileType = sourcecode.swift; path = LoginView.swift; sourceTree = "<group>"; };
		183B5F3D2A8CBF4E000537B7 /* SignUpView.swift */ = {isa = PBXFileReference; lastKnownFileType = sourcecode.swift; path = SignUpView.swift; sourceTree = "<group>"; };
		183B5F3F2A8CC4D0000537B7 /* GoogleService-Info.plist */ = {isa = PBXFileReference; fileEncoding = 4; lastKnownFileType = text.plist.xml; path = "GoogleService-Info.plist"; sourceTree = "<group>"; };
		185C537A2A8CE8A9005A1F70 /* SettingsView.swift */ = {isa = PBXFileReference; lastKnownFileType = sourcecode.swift; path = SettingsView.swift; sourceTree = "<group>"; };
		1893DCFA2A8CBA4F001F7EBC /* RouletteRoyale.app */ = {isa = PBXFileReference; explicitFileType = wrapper.application; includeInIndex = 0; path = RouletteRoyale.app; sourceTree = BUILT_PRODUCTS_DIR; };
		1893DCFD2A8CBA4F001F7EBC /* RouletteRoyaleApp.swift */ = {isa = PBXFileReference; lastKnownFileType = sourcecode.swift; path = RouletteRoyaleApp.swift; sourceTree = "<group>"; };
		1893DD012A8CBA53001F7EBC /* Assets.xcassets */ = {isa = PBXFileReference; lastKnownFileType = folder.assetcatalog; path = Assets.xcassets; sourceTree = "<group>"; };
		1893DD042A8CBA53001F7EBC /* Preview Assets.xcassets */ = {isa = PBXFileReference; lastKnownFileType = folder.assetcatalog; path = "Preview Assets.xcassets"; sourceTree = "<group>"; };
		1893DD0B2A8CBA71001F7EBC /* .gitignore */ = {isa = PBXFileReference; fileEncoding = 4; lastKnownFileType = text; path = .gitignore; sourceTree = "<group>"; };
		18BFCD392A8CC91900559CA3 /* FirebaseService.swift */ = {isa = PBXFileReference; lastKnownFileType = sourcecode.swift; path = FirebaseService.swift; sourceTree = "<group>"; };
		18BFCD3E2A8CD72500559CA3 /* TabBarView.swift */ = {isa = PBXFileReference; lastKnownFileType = sourcecode.swift; path = TabBarView.swift; sourceTree = "<group>"; };
		18BFCD422A8CD91A00559CA3 /* AuthenticationControlView.swift */ = {isa = PBXFileReference; lastKnownFileType = sourcecode.swift; path = AuthenticationControlView.swift; sourceTree = "<group>"; };
		18BFCD442A8CD94C00559CA3 /* ContentView.swift */ = {isa = PBXFileReference; lastKnownFileType = sourcecode.swift; path = ContentView.swift; sourceTree = "<group>"; };
		18C222172A8D1EA50030BC6F /* AnonymousRegistrationViewModel.swift */ = {isa = PBXFileReference; lastKnownFileType = sourcecode.swift; path = AnonymousRegistrationViewModel.swift; sourceTree = "<group>"; };
		18FF6CDC2A8D070200FEE72C /* SignUpViewModel.swift */ = {isa = PBXFileReference; lastKnownFileType = sourcecode.swift; path = SignUpViewModel.swift; sourceTree = "<group>"; };
		18FF6CE12A8D10F300FEE72C /* CustomButton.swift */ = {isa = PBXFileReference; lastKnownFileType = sourcecode.swift; path = CustomButton.swift; sourceTree = "<group>"; };
		18FF6CE62A8D152800FEE72C /* SettingsViewModel.swift */ = {isa = PBXFileReference; lastKnownFileType = sourcecode.swift; path = SettingsViewModel.swift; sourceTree = "<group>"; };
		18FF6CE82A8D18EA00FEE72C /* AnonymousRegistrationView.swift */ = {isa = PBXFileReference; lastKnownFileType = sourcecode.swift; path = AnonymousRegistrationView.swift; sourceTree = "<group>"; };
/* End PBXFileReference section */

/* Begin PBXFrameworksBuildPhase section */
		1893DCF72A8CBA4F001F7EBC /* Frameworks */ = {
			isa = PBXFrameworksBuildPhase;
			buildActionMask = 2147483647;
			files = (
				183B5F452A8CC609000537B7 /* FirebaseDatabase in Frameworks */,
				183B5F432A8CC609000537B7 /* FirebaseAuth in Frameworks */,
				183B5F482A8CC66B000537B7 /* FirebaseAnalytics in Frameworks */,
			);
			runOnlyForDeploymentPostprocessing = 0;
		};
/* End PBXFrameworksBuildPhase section */

/* Begin PBXGroup section */
		181BC0F52A8CF72D001253ED /* View */ = {
			isa = PBXGroup;
			children = (
				183B5F3B2A8CBF04000537B7 /* LoginView.swift */,
			);
			path = View;
			sourceTree = "<group>";
		};
		181BC0F62A8CF73B001253ED /* ViewModel */ = {
			isa = PBXGroup;
			children = (
				181BC0F72A8CF75D001253ED /* LoginViewModel.swift */,
			);
			path = ViewModel;
			sourceTree = "<group>";
		};
		181BC0F92A8D0321001253ED /* Model */ = {
			isa = PBXGroup;
			children = (
				181BC0FA2A8D036F001253ED /* InputError.swift */,
			);
			path = Model;
			sourceTree = "<group>";
		};
		183B5F352A8CBE03000537B7 /* Library */ = {
			isa = PBXGroup;
			children = (
			);
			path = Library;
			sourceTree = "<group>";
		};
		183B5F362A8CBE0B000537B7 /* Main */ = {
			isa = PBXGroup;
			children = (
				1893DCFD2A8CBA4F001F7EBC /* RouletteRoyaleApp.swift */,
				1893DD012A8CBA53001F7EBC /* Assets.xcassets */,
				183B5F3F2A8CC4D0000537B7 /* GoogleService-Info.plist */,
			);
			path = Main;
			sourceTree = "<group>";
		};
		183B5F372A8CBE10000537B7 /* Services */ = {
			isa = PBXGroup;
			children = (
				18BFCD392A8CC91900559CA3 /* FirebaseService.swift */,
			);
			path = Services;
			sourceTree = "<group>";
		};
		183B5F382A8CBE6D000537B7 /* Modules */ = {
			isa = PBXGroup;
			children = (
				183B5F392A8CBE99000537B7 /* RouletteRoyaleBuilder */,
			);
			path = Modules;
			sourceTree = "<group>";
		};
		183B5F392A8CBE99000537B7 /* RouletteRoyaleBuilder */ = {
			isa = PBXGroup;
			children = (
				18BFCD3B2A8CCC9D00559CA3 /* Main */,
				183B5F3A2A8CBEA8000537B7 /* Login */,
				18FF6CD92A8D06AC00FEE72C /* SignUp */,
				18C222142A8D1E620030BC6F /* Anonymous */,
				18FF6CE02A8D10A900FEE72C /* Settings */,
			);
			path = RouletteRoyaleBuilder;
			sourceTree = "<group>";
		};
		183B5F3A2A8CBEA8000537B7 /* Login */ = {
			isa = PBXGroup;
			children = (
				181BC0F92A8D0321001253ED /* Model */,
				181BC0F52A8CF72D001253ED /* View */,
				181BC0F62A8CF73B001253ED /* ViewModel */,
			);
			path = Login;
			sourceTree = "<group>";
		};
		183B5F462A8CC66B000537B7 /* Frameworks */ = {
			isa = PBXGroup;
			children = (
			);
			name = Frameworks;
			sourceTree = "<group>";
		};
		1893DCF12A8CBA4F001F7EBC = {
			isa = PBXGroup;
			children = (
				1893DCFC2A8CBA4F001F7EBC /* RouletteRoyale */,
				1893DD0B2A8CBA71001F7EBC /* .gitignore */,
				1893DCFB2A8CBA4F001F7EBC /* Products */,
				183B5F462A8CC66B000537B7 /* Frameworks */,
			);
			sourceTree = "<group>";
		};
		1893DCFB2A8CBA4F001F7EBC /* Products */ = {
			isa = PBXGroup;
			children = (
				1893DCFA2A8CBA4F001F7EBC /* RouletteRoyale.app */,
			);
			name = Products;
			sourceTree = "<group>";
		};
		1893DCFC2A8CBA4F001F7EBC /* RouletteRoyale */ = {
			isa = PBXGroup;
			children = (
				183B5F362A8CBE0B000537B7 /* Main */,
				183B5F382A8CBE6D000537B7 /* Modules */,
				183B5F352A8CBE03000537B7 /* Library */,
				183B5F372A8CBE10000537B7 /* Services */,
				1893DD032A8CBA53001F7EBC /* Preview Content */,
			);
			path = RouletteRoyale;
			sourceTree = "<group>";
		};
		1893DD032A8CBA53001F7EBC /* Preview Content */ = {
			isa = PBXGroup;
			children = (
				1893DD042A8CBA53001F7EBC /* Preview Assets.xcassets */,
			);
			path = "Preview Content";
			sourceTree = "<group>";
		};
		18BFCD3B2A8CCC9D00559CA3 /* Main */ = {
			isa = PBXGroup;
			children = (
				18BFCD442A8CD94C00559CA3 /* ContentView.swift */,
				18BFCD422A8CD91A00559CA3 /* AuthenticationControlView.swift */,
				18BFCD3E2A8CD72500559CA3 /* TabBarView.swift */,
				18FF6CE12A8D10F300FEE72C /* CustomButton.swift */,
			);
			path = Main;
			sourceTree = "<group>";
		};
		18C222142A8D1E620030BC6F /* Anonymous */ = {
			isa = PBXGroup;
			children = (
				18C222162A8D1E850030BC6F /* View */,
				18C222152A8D1E7A0030BC6F /* ViewModel */,
			);
			path = Anonymous;
			sourceTree = "<group>";
		};
		18C222152A8D1E7A0030BC6F /* ViewModel */ = {
			isa = PBXGroup;
			children = (
				18C222172A8D1EA50030BC6F /* AnonymousRegistrationViewModel.swift */,
			);
			path = ViewModel;
			sourceTree = "<group>";
		};
		18C222162A8D1E850030BC6F /* View */ = {
			isa = PBXGroup;
			children = (
				18FF6CE82A8D18EA00FEE72C /* AnonymousRegistrationView.swift */,
			);
			path = View;
			sourceTree = "<group>";
		};
		18FF6CD92A8D06AC00FEE72C /* SignUp */ = {
			isa = PBXGroup;
			children = (
				18FF6CDA2A8D06C200FEE72C /* View */,
				18FF6CDB2A8D06CA00FEE72C /* ViewModel */,
			);
			path = SignUp;
			sourceTree = "<group>";
		};
		18FF6CDA2A8D06C200FEE72C /* View */ = {
			isa = PBXGroup;
			children = (
				183B5F3D2A8CBF4E000537B7 /* SignUpView.swift */,
			);
			path = View;
			sourceTree = "<group>";
		};
		18FF6CDB2A8D06CA00FEE72C /* ViewModel */ = {
			isa = PBXGroup;
			children = (
				18FF6CDC2A8D070200FEE72C /* SignUpViewModel.swift */,
			);
			path = ViewModel;
			sourceTree = "<group>";
		};
		18FF6CE02A8D10A900FEE72C /* Settings */ = {
			isa = PBXGroup;
			children = (
				18FF6CE42A8D150700FEE72C /* View */,
				18FF6CE52A8D151100FEE72C /* ViewModel */,
			);
			path = Settings;
			sourceTree = "<group>";
		};
		18FF6CE42A8D150700FEE72C /* View */ = {
			isa = PBXGroup;
			children = (
				185C537A2A8CE8A9005A1F70 /* SettingsView.swift */,
			);
			path = View;
			sourceTree = "<group>";
		};
		18FF6CE52A8D151100FEE72C /* ViewModel */ = {
			isa = PBXGroup;
			children = (
				18FF6CE62A8D152800FEE72C /* SettingsViewModel.swift */,
			);
			path = ViewModel;
			sourceTree = "<group>";
		};
/* End PBXGroup section */

/* Begin PBXNativeTarget section */
		1893DCF92A8CBA4F001F7EBC /* RouletteRoyale */ = {
			isa = PBXNativeTarget;
			buildConfigurationList = 1893DD082A8CBA53001F7EBC /* Build configuration list for PBXNativeTarget "RouletteRoyale" */;
			buildPhases = (
				1893DCF62A8CBA4F001F7EBC /* Sources */,
				1893DCF72A8CBA4F001F7EBC /* Frameworks */,
				1893DCF82A8CBA4F001F7EBC /* Resources */,
			);
			buildRules = (
			);
			dependencies = (
			);
			name = RouletteRoyale;
			packageProductDependencies = (
				183B5F422A8CC609000537B7 /* FirebaseAuth */,
				183B5F442A8CC609000537B7 /* FirebaseDatabase */,
				183B5F472A8CC66B000537B7 /* FirebaseAnalytics */,
			);
			productName = RouletteRoyale;
			productReference = 1893DCFA2A8CBA4F001F7EBC /* RouletteRoyale.app */;
			productType = "com.apple.product-type.application";
		};
/* End PBXNativeTarget section */

/* Begin PBXProject section */
		1893DCF22A8CBA4F001F7EBC /* Project object */ = {
			isa = PBXProject;
			attributes = {
				BuildIndependentTargetsInParallel = 1;
				LastSwiftUpdateCheck = 1430;
				LastUpgradeCheck = 1430;
				TargetAttributes = {
					1893DCF92A8CBA4F001F7EBC = {
						CreatedOnToolsVersion = 14.3;
					};
				};
			};
			buildConfigurationList = 1893DCF52A8CBA4F001F7EBC /* Build configuration list for PBXProject "RouletteRoyale" */;
			compatibilityVersion = "Xcode 14.0";
			developmentRegion = en;
			hasScannedForEncodings = 0;
			knownRegions = (
				en,
				Base,
			);
			mainGroup = 1893DCF12A8CBA4F001F7EBC;
			packageReferences = (
				183B5F412A8CC609000537B7 /* XCRemoteSwiftPackageReference "firebase-ios-sdk" */,
			);
			productRefGroup = 1893DCFB2A8CBA4F001F7EBC /* Products */;
			projectDirPath = "";
			projectRoot = "";
			targets = (
				1893DCF92A8CBA4F001F7EBC /* RouletteRoyale */,
			);
		};
/* End PBXProject section */

/* Begin PBXResourcesBuildPhase section */
		1893DCF82A8CBA4F001F7EBC /* Resources */ = {
			isa = PBXResourcesBuildPhase;
			buildActionMask = 2147483647;
			files = (
				1893DD052A8CBA53001F7EBC /* Preview Assets.xcassets in Resources */,
				183B5F402A8CC4D0000537B7 /* GoogleService-Info.plist in Resources */,
				1893DD0C2A8CBA71001F7EBC /* .gitignore in Resources */,
				1893DD022A8CBA53001F7EBC /* Assets.xcassets in Resources */,
			);
			runOnlyForDeploymentPostprocessing = 0;
		};
/* End PBXResourcesBuildPhase section */

/* Begin PBXSourcesBuildPhase section */
		1893DCF62A8CBA4F001F7EBC /* Sources */ = {
			isa = PBXSourcesBuildPhase;
			buildActionMask = 2147483647;
			files = (
				183B5F3C2A8CBF04000537B7 /* LoginView.swift in Sources */,
				185C537B2A8CE8A9005A1F70 /* SettingsView.swift in Sources */,
				18BFCD432A8CD91A00559CA3 /* AuthenticationControlView.swift in Sources */,
				18C222182A8D1EA50030BC6F /* AnonymousRegistrationViewModel.swift in Sources */,
				181BC0FB2A8D036F001253ED /* InputError.swift in Sources */,
				18BFCD452A8CD94C00559CA3 /* ContentView.swift in Sources */,
				18FF6CE92A8D18EA00FEE72C /* AnonymousRegistrationView.swift in Sources */,
				18BFCD3A2A8CC91900559CA3 /* FirebaseService.swift in Sources */,
				1893DCFE2A8CBA4F001F7EBC /* RouletteRoyaleApp.swift in Sources */,
				18BFCD3F2A8CD72500559CA3 /* TabBarView.swift in Sources */,
				18FF6CE72A8D152800FEE72C /* SettingsViewModel.swift in Sources */,
				18FF6CE22A8D10F300FEE72C /* CustomButton.swift in Sources */,
				183B5F3E2A8CBF4E000537B7 /* SignUpView.swift in Sources */,
				18FF6CDD2A8D070200FEE72C /* SignUpViewModel.swift in Sources */,
				181BC0F82A8CF75D001253ED /* LoginViewModel.swift in Sources */,
			);
			runOnlyForDeploymentPostprocessing = 0;
		};
/* End PBXSourcesBuildPhase section */

/* Begin XCBuildConfiguration section */
		1893DD062A8CBA53001F7EBC /* Debug */ = {
			isa = XCBuildConfiguration;
			buildSettings = {
				ALWAYS_SEARCH_USER_PATHS = NO;
				CLANG_ANALYZER_NONNULL = YES;
				CLANG_ANALYZER_NUMBER_OBJECT_CONVERSION = YES_AGGRESSIVE;
				CLANG_CXX_LANGUAGE_STANDARD = "gnu++20";
				CLANG_ENABLE_MODULES = YES;
				CLANG_ENABLE_OBJC_ARC = YES;
				CLANG_ENABLE_OBJC_WEAK = YES;
				CLANG_WARN_BLOCK_CAPTURE_AUTORELEASING = YES;
				CLANG_WARN_BOOL_CONVERSION = YES;
				CLANG_WARN_COMMA = YES;
				CLANG_WARN_CONSTANT_CONVERSION = YES;
				CLANG_WARN_DEPRECATED_OBJC_IMPLEMENTATIONS = YES;
				CLANG_WARN_DIRECT_OBJC_ISA_USAGE = YES_ERROR;
				CLANG_WARN_DOCUMENTATION_COMMENTS = YES;
				CLANG_WARN_EMPTY_BODY = YES;
				CLANG_WARN_ENUM_CONVERSION = YES;
				CLANG_WARN_INFINITE_RECURSION = YES;
				CLANG_WARN_INT_CONVERSION = YES;
				CLANG_WARN_NON_LITERAL_NULL_CONVERSION = YES;
				CLANG_WARN_OBJC_IMPLICIT_RETAIN_SELF = YES;
				CLANG_WARN_OBJC_LITERAL_CONVERSION = YES;
				CLANG_WARN_OBJC_ROOT_CLASS = YES_ERROR;
				CLANG_WARN_QUOTED_INCLUDE_IN_FRAMEWORK_HEADER = YES;
				CLANG_WARN_RANGE_LOOP_ANALYSIS = YES;
				CLANG_WARN_STRICT_PROTOTYPES = YES;
				CLANG_WARN_SUSPICIOUS_MOVE = YES;
				CLANG_WARN_UNGUARDED_AVAILABILITY = YES_AGGRESSIVE;
				CLANG_WARN_UNREACHABLE_CODE = YES;
				CLANG_WARN__DUPLICATE_METHOD_MATCH = YES;
				COPY_PHASE_STRIP = NO;
				DEBUG_INFORMATION_FORMAT = dwarf;
				ENABLE_STRICT_OBJC_MSGSEND = YES;
				ENABLE_TESTABILITY = YES;
				GCC_C_LANGUAGE_STANDARD = gnu11;
				GCC_DYNAMIC_NO_PIC = NO;
				GCC_NO_COMMON_BLOCKS = YES;
				GCC_OPTIMIZATION_LEVEL = 0;
				GCC_PREPROCESSOR_DEFINITIONS = (
					"DEBUG=1",
					"$(inherited)",
				);
				GCC_WARN_64_TO_32_BIT_CONVERSION = YES;
				GCC_WARN_ABOUT_RETURN_TYPE = YES_ERROR;
				GCC_WARN_UNDECLARED_SELECTOR = YES;
				GCC_WARN_UNINITIALIZED_AUTOS = YES_AGGRESSIVE;
				GCC_WARN_UNUSED_FUNCTION = YES;
				GCC_WARN_UNUSED_VARIABLE = YES;
				IPHONEOS_DEPLOYMENT_TARGET = 16.4;
				MTL_ENABLE_DEBUG_INFO = INCLUDE_SOURCE;
				MTL_FAST_MATH = YES;
				ONLY_ACTIVE_ARCH = YES;
				SDKROOT = iphoneos;
				SWIFT_ACTIVE_COMPILATION_CONDITIONS = DEBUG;
				SWIFT_OPTIMIZATION_LEVEL = "-Onone";
			};
			name = Debug;
		};
		1893DD072A8CBA53001F7EBC /* Release */ = {
			isa = XCBuildConfiguration;
			buildSettings = {
				ALWAYS_SEARCH_USER_PATHS = NO;
				CLANG_ANALYZER_NONNULL = YES;
				CLANG_ANALYZER_NUMBER_OBJECT_CONVERSION = YES_AGGRESSIVE;
				CLANG_CXX_LANGUAGE_STANDARD = "gnu++20";
				CLANG_ENABLE_MODULES = YES;
				CLANG_ENABLE_OBJC_ARC = YES;
				CLANG_ENABLE_OBJC_WEAK = YES;
				CLANG_WARN_BLOCK_CAPTURE_AUTORELEASING = YES;
				CLANG_WARN_BOOL_CONVERSION = YES;
				CLANG_WARN_COMMA = YES;
				CLANG_WARN_CONSTANT_CONVERSION = YES;
				CLANG_WARN_DEPRECATED_OBJC_IMPLEMENTATIONS = YES;
				CLANG_WARN_DIRECT_OBJC_ISA_USAGE = YES_ERROR;
				CLANG_WARN_DOCUMENTATION_COMMENTS = YES;
				CLANG_WARN_EMPTY_BODY = YES;
				CLANG_WARN_ENUM_CONVERSION = YES;
				CLANG_WARN_INFINITE_RECURSION = YES;
				CLANG_WARN_INT_CONVERSION = YES;
				CLANG_WARN_NON_LITERAL_NULL_CONVERSION = YES;
				CLANG_WARN_OBJC_IMPLICIT_RETAIN_SELF = YES;
				CLANG_WARN_OBJC_LITERAL_CONVERSION = YES;
				CLANG_WARN_OBJC_ROOT_CLASS = YES_ERROR;
				CLANG_WARN_QUOTED_INCLUDE_IN_FRAMEWORK_HEADER = YES;
				CLANG_WARN_RANGE_LOOP_ANALYSIS = YES;
				CLANG_WARN_STRICT_PROTOTYPES = YES;
				CLANG_WARN_SUSPICIOUS_MOVE = YES;
				CLANG_WARN_UNGUARDED_AVAILABILITY = YES_AGGRESSIVE;
				CLANG_WARN_UNREACHABLE_CODE = YES;
				CLANG_WARN__DUPLICATE_METHOD_MATCH = YES;
				COPY_PHASE_STRIP = NO;
				DEBUG_INFORMATION_FORMAT = "dwarf-with-dsym";
				ENABLE_NS_ASSERTIONS = NO;
				ENABLE_STRICT_OBJC_MSGSEND = YES;
				GCC_C_LANGUAGE_STANDARD = gnu11;
				GCC_NO_COMMON_BLOCKS = YES;
				GCC_WARN_64_TO_32_BIT_CONVERSION = YES;
				GCC_WARN_ABOUT_RETURN_TYPE = YES_ERROR;
				GCC_WARN_UNDECLARED_SELECTOR = YES;
				GCC_WARN_UNINITIALIZED_AUTOS = YES_AGGRESSIVE;
				GCC_WARN_UNUSED_FUNCTION = YES;
				GCC_WARN_UNUSED_VARIABLE = YES;
				IPHONEOS_DEPLOYMENT_TARGET = 16.4;
				MTL_ENABLE_DEBUG_INFO = NO;
				MTL_FAST_MATH = YES;
				SDKROOT = iphoneos;
				SWIFT_COMPILATION_MODE = wholemodule;
				SWIFT_OPTIMIZATION_LEVEL = "-O";
				VALIDATE_PRODUCT = YES;
			};
			name = Release;
		};
		1893DD092A8CBA53001F7EBC /* Debug */ = {
			isa = XCBuildConfiguration;
			buildSettings = {
				ASSETCATALOG_COMPILER_APPICON_NAME = AppIcon;
				ASSETCATALOG_COMPILER_GLOBAL_ACCENT_COLOR_NAME = AccentColor;
				CODE_SIGN_STYLE = Automatic;
				CURRENT_PROJECT_VERSION = 1;
				DEVELOPMENT_ASSET_PATHS = "\"RouletteRoyale/Preview Content\"";
				DEVELOPMENT_TEAM = N84H63QL52;
				ENABLE_PREVIEWS = YES;
				GENERATE_INFOPLIST_FILE = YES;
				INFOPLIST_KEY_UIApplicationSceneManifest_Generation = YES;
				INFOPLIST_KEY_UIApplicationSupportsIndirectInputEvents = YES;
				INFOPLIST_KEY_UILaunchScreen_Generation = YES;
				INFOPLIST_KEY_UISupportedInterfaceOrientations_iPad = "UIInterfaceOrientationPortrait UIInterfaceOrientationPortraitUpsideDown UIInterfaceOrientationLandscapeLeft UIInterfaceOrientationLandscapeRight";
				INFOPLIST_KEY_UISupportedInterfaceOrientations_iPhone = "UIInterfaceOrientationPortrait UIInterfaceOrientationLandscapeLeft UIInterfaceOrientationLandscapeRight";
				IPHONEOS_DEPLOYMENT_TARGET = 16.0;
				LD_RUNPATH_SEARCH_PATHS = (
					"$(inherited)",
					"@executable_path/Frameworks",
				);
				MARKETING_VERSION = 1.0;
				PRODUCT_BUNDLE_IDENTIFIER = com.iosdev54.RouletteRoyale;
				PRODUCT_NAME = "$(TARGET_NAME)";
				SWIFT_EMIT_LOC_STRINGS = YES;
				SWIFT_VERSION = 5.0;
				TARGETED_DEVICE_FAMILY = "1,2";
			};
			name = Debug;
		};
		1893DD0A2A8CBA53001F7EBC /* Release */ = {
			isa = XCBuildConfiguration;
			buildSettings = {
				ASSETCATALOG_COMPILER_APPICON_NAME = AppIcon;
				ASSETCATALOG_COMPILER_GLOBAL_ACCENT_COLOR_NAME = AccentColor;
				CODE_SIGN_STYLE = Automatic;
				CURRENT_PROJECT_VERSION = 1;
				DEVELOPMENT_ASSET_PATHS = "\"RouletteRoyale/Preview Content\"";
				DEVELOPMENT_TEAM = N84H63QL52;
				ENABLE_PREVIEWS = YES;
				GENERATE_INFOPLIST_FILE = YES;
				INFOPLIST_KEY_UIApplicationSceneManifest_Generation = YES;
				INFOPLIST_KEY_UIApplicationSupportsIndirectInputEvents = YES;
				INFOPLIST_KEY_UILaunchScreen_Generation = YES;
				INFOPLIST_KEY_UISupportedInterfaceOrientations_iPad = "UIInterfaceOrientationPortrait UIInterfaceOrientationPortraitUpsideDown UIInterfaceOrientationLandscapeLeft UIInterfaceOrientationLandscapeRight";
				INFOPLIST_KEY_UISupportedInterfaceOrientations_iPhone = "UIInterfaceOrientationPortrait UIInterfaceOrientationLandscapeLeft UIInterfaceOrientationLandscapeRight";
				IPHONEOS_DEPLOYMENT_TARGET = 16.0;
				LD_RUNPATH_SEARCH_PATHS = (
					"$(inherited)",
					"@executable_path/Frameworks",
				);
				MARKETING_VERSION = 1.0;
				PRODUCT_BUNDLE_IDENTIFIER = com.iosdev54.RouletteRoyale;
				PRODUCT_NAME = "$(TARGET_NAME)";
				SWIFT_EMIT_LOC_STRINGS = YES;
				SWIFT_VERSION = 5.0;
				TARGETED_DEVICE_FAMILY = "1,2";
			};
			name = Release;
		};
/* End XCBuildConfiguration section */

/* Begin XCConfigurationList section */
		1893DCF52A8CBA4F001F7EBC /* Build configuration list for PBXProject "RouletteRoyale" */ = {
			isa = XCConfigurationList;
			buildConfigurations = (
				1893DD062A8CBA53001F7EBC /* Debug */,
				1893DD072A8CBA53001F7EBC /* Release */,
			);
			defaultConfigurationIsVisible = 0;
			defaultConfigurationName = Release;
		};
		1893DD082A8CBA53001F7EBC /* Build configuration list for PBXNativeTarget "RouletteRoyale" */ = {
			isa = XCConfigurationList;
			buildConfigurations = (
				1893DD092A8CBA53001F7EBC /* Debug */,
				1893DD0A2A8CBA53001F7EBC /* Release */,
			);
			defaultConfigurationIsVisible = 0;
			defaultConfigurationName = Release;
		};
/* End XCConfigurationList section */

/* Begin XCRemoteSwiftPackageReference section */
		183B5F412A8CC609000537B7 /* XCRemoteSwiftPackageReference "firebase-ios-sdk" */ = {
			isa = XCRemoteSwiftPackageReference;
			repositoryURL = "https://github.com/firebase/firebase-ios-sdk";
			requirement = {
				kind = upToNextMajorVersion;
				minimumVersion = 10.0.0;
			};
		};
/* End XCRemoteSwiftPackageReference section */

/* Begin XCSwiftPackageProductDependency section */
		183B5F422A8CC609000537B7 /* FirebaseAuth */ = {
			isa = XCSwiftPackageProductDependency;
			package = 183B5F412A8CC609000537B7 /* XCRemoteSwiftPackageReference "firebase-ios-sdk" */;
			productName = FirebaseAuth;
		};
		183B5F442A8CC609000537B7 /* FirebaseDatabase */ = {
			isa = XCSwiftPackageProductDependency;
			package = 183B5F412A8CC609000537B7 /* XCRemoteSwiftPackageReference "firebase-ios-sdk" */;
			productName = FirebaseDatabase;
		};
		183B5F472A8CC66B000537B7 /* FirebaseAnalytics */ = {
			isa = XCSwiftPackageProductDependency;
			package = 183B5F412A8CC609000537B7 /* XCRemoteSwiftPackageReference "firebase-ios-sdk" */;
			productName = FirebaseAnalytics;
		};
/* End XCSwiftPackageProductDependency section */
	};
	rootObject = 1893DCF22A8CBA4F001F7EBC /* Project object */;
}
